
Microsoft Visual Studio Solution File, Format Version 12.00
# Visual Studio 15
VisualStudioVersion = 15.0.28010.2048
MinimumVisualStudioVersion = 10.0.40219.1
Project("{8BC9CEB8-8B4A-11D0-8D11-00A0C91BC942}") = "OnlineTest", "OnlineTest\OnlineTest.vcxproj", "{33BB44AE-A2BC-4AEF-83A0-FE765ED22F76}"
EndProject
Project("{8BC9CEB8-8B4A-11D0-8D11-00A0C91BC942}") = "STLStudy", "STLStudy\STLStudy.vcxproj", "{24A004C2-CC16-4724-B4D6-5C6EC2A3057F}"
EndProject
Project("{8BC9CEB8-8B4A-11D0-8D11-00A0C91BC942}") = "DataStructure", "DataStructure\DataStructure.vcxproj", "{3FCF2B83-BBC9-4D93-B45D-A06C285F0CF6}"
EndProject
Project("{8BC9CEB8-8B4A-11D0-8D11-00A0C91BC942}") = "SthTest", "SthTest\SthTest.vcxproj", "{F093E5BD-C7D4-4C87-A8CE-1FD95AD0DF38}"
EndProject
Global
	GlobalSection(SolutionConfigurationPlatforms) = preSolution
		Debug|x64 = Debug|x64
		Debug|x86 = Debug|x86
		Release|x64 = Release|x64
		Release|x86 = Release|x86
	EndGlobalSection
	GlobalSection(ProjectConfigurationPlatforms) = postSolution
		{33BB44AE-A2BC-4AEF-83A0-FE765ED22F76}.Debug|x64.ActiveCfg = Debug|x64
		{33BB44AE-A2BC-4AEF-83A0-FE765ED22F76}.Debug|x64.Build.0 = Debug|x64
		{33BB44AE-A2BC-4AEF-83A0-FE765ED22F76}.Debug|x86.ActiveCfg = Debug|Win32
		{33BB44AE-A2BC-4AEF-83A0-FE765ED22F76}.Debug|x86.Build.0 = Debug|Win32
		{33BB44AE-A2BC-4AEF-83A0-FE765ED22F76}.Release|x64.ActiveCfg = Release|x64
		{33BB44AE-A2BC-4AEF-83A0-FE765ED22F76}.Release|x64.Build.0 = Release|x64
		{33BB44AE-A2BC-4AEF-83A0-FE765ED22F76}.Release|x86.ActiveCfg = Release|Win32
		{33BB44AE-A2BC-4AEF-83A0-FE765ED22F76}.Release|x86.Build.0 = Release|Win32
		{24A004C2-CC16-4724-B4D6-5C6EC2A3057F}.Debug|x64.ActiveCfg = Debug|x64
		{24A004C2-CC16-4724-B4D6-5C6EC2A3057F}.Debug|x64.Build.0 = Debug|x64
		{24A004C2-CC16-4724-B4D6-5C6EC2A3057F}.Debug|x86.ActiveCfg = Debug|Win32
		{24A004C2-CC16-4724-B4D6-5C6EC2A3057F}.Debug|x86.Build.0 = Debug|Win32
		{24A004C2-CC16-4724-B4D6-5C6EC2A3057F}.Release|x64.ActiveCfg = Release|x64
		{24A004C2-CC16-4724-B4D6-5C6EC2A3057F}.Release|x64.Build.0 = Release|x64
		{24A004C2-CC16-4724-B4D6-5C6EC2A3057F}.Release|x86.ActiveCfg = Release|Win32
		{24A004C2-CC16-4724-B4D6-5C6EC2A3057F}.Release|x86.Build.0 = Release|Win32
		{3FCF2B83-BBC9-4D93-B45D-A06C285F0CF6}.Debug|x64.ActiveCfg = Debug|x64
		{3FCF2B83-BBC9-4D93-B45D-A06C285F0CF6}.Debug|x64.Build.0 = Debug|x64
		{3FCF2B83-BBC9-4D93-B45D-A06C285F0CF6}.Debug|x86.ActiveCfg = Debug|Win32
		{3FCF2B83-BBC9-4D93-B45D-A06C285F0CF6}.Debug|x86.Build.0 = Debug|Win32
		{3FCF2B83-BBC9-4D93-B45D-A06C285F0CF6}.Release|x64.ActiveCfg = Release|x64
		{3FCF2B83-BBC9-4D93-B45D-A06C285F0CF6}.Release|x64.Build.0 = Release|x64
		{3FCF2B83-BBC9-4D93-B45D-A06C285F0CF6}.Release|x86.ActiveCfg = Release|Win32
		{3FCF2B83-BBC9-4D93-B45D-A06C285F0CF6}.Release|x86.Build.0 = Release|Win32
		{F093E5BD-C7D4-4C87-A8CE-1FD95AD0DF38}.Debug|x64.ActiveCfg = Debug|x64
		{F093E5BD-C7D4-4C87-A8CE-1FD95AD0DF38}.Debug|x64.Build.0 = Debug|x64
		{F093E5BD-C7D4-4C87-A8CE-1FD95AD0DF38}.Debug|x86.ActiveCfg = Debug|Win32
		{F093E5BD-C7D4-4C87-A8CE-1FD95AD0DF38}.Debug|x86.Build.0 = Debug|Win32
		{F093E5BD-C7D4-4C87-A8CE-1FD95AD0DF38}.Release|x64.ActiveCfg = Release|x64
		{F093E5BD-C7D4-4C87-A8CE-1FD95AD0DF38}.Release|x64.Build.0 = Release|x64
		{F093E5BD-C7D4-4C87-A8CE-1FD95AD0DF38}.Release|x86.ActiveCfg = Release|Win32
		{F093E5BD-C7D4-4C87-A8CE-1FD95AD0DF38}.Release|x86.Build.0 = Release|Win32
	EndGlobalSection
	GlobalSection(SolutionProperties) = preSolution
		HideSolutionNode = FALSE
	EndGlobalSection
	GlobalSection(ExtensibilityGlobals) = postSolution
		SolutionGuid = {51E307EC-08C7-4844-98B2-4498E0606341}
	EndGlobalSection
EndGlobal
